
Microsoft Visual Studio Solution File, Format Version 12.00
# Visual Studio Version 16
VisualStudioVersion = 16.0.30907.101
MinimumVisualStudioVersion = 10.0.40219.1
Project("{9A19103F-16F7-4668-BE54-9A1E7A4F7556}") = "WebApp", "WebApplication1\WebApp.csproj", "{8119FBB8-FB6C-47BF-85F1-E85DD8B0E1A4}"
EndProject
Project("{9A19103F-16F7-4668-BE54-9A1E7A4F7556}") = "AppCore", "AppCore\AppCore.csproj", "{42C3E3F4-6B2E-4A33-87C3-7154052ABC41}"
EndProject
Project("{9A19103F-16F7-4668-BE54-9A1E7A4F7556}") = "Infrastructure", "Infrastructure\Infrastructure.csproj", "{E5592A34-07C4-4AED-822A-FA506B0CC86B}"
EndProject
Project("{FAE04EC0-301F-11D3-BF4B-00C04F79EFBC}") = "ParkingTest", "ParkingTest\ParkingTest.csproj", "{A238F1EA-A727-4402-8233-851B7C934FA7}"
EndProject
Project("{2150E333-8FDC-42A3-9474-1A3956D46DE8}") = "src", "src", "{87234A63-5A14-4A30-841D-5CA2A62764CD}"
EndProject
Project("{2150E333-8FDC-42A3-9474-1A3956D46DE8}") = "test", "test", "{19AA89F3-534B-400F-BA9A-2A5513A8BB5A}"
EndProject
Project("{FAE04EC0-301F-11D3-BF4B-00C04F79EFBC}") = "Application", "Application\Application.csproj", "{B309E3D5-2571-49FE-9832-3CB0D77D0461}"
EndProject
Global
	GlobalSection(SolutionConfigurationPlatforms) = preSolution
		Debug|Any CPU = Debug|Any CPU
		Release|Any CPU = Release|Any CPU
	EndGlobalSection
	GlobalSection(ProjectConfigurationPlatforms) = postSolution
		{8119FBB8-FB6C-47BF-85F1-E85DD8B0E1A4}.Debug|Any CPU.ActiveCfg = Debug|Any CPU
		{8119FBB8-FB6C-47BF-85F1-E85DD8B0E1A4}.Debug|Any CPU.Build.0 = Debug|Any CPU
		{8119FBB8-FB6C-47BF-85F1-E85DD8B0E1A4}.Release|Any CPU.ActiveCfg = Release|Any CPU
		{8119FBB8-FB6C-47BF-85F1-E85DD8B0E1A4}.Release|Any CPU.Build.0 = Release|Any CPU
		{42C3E3F4-6B2E-4A33-87C3-7154052ABC41}.Debug|Any CPU.ActiveCfg = Debug|Any CPU
		{42C3E3F4-6B2E-4A33-87C3-7154052ABC41}.Debug|Any CPU.Build.0 = Debug|Any CPU
		{42C3E3F4-6B2E-4A33-87C3-7154052ABC41}.Release|Any CPU.ActiveCfg = Release|Any CPU
		{42C3E3F4-6B2E-4A33-87C3-7154052ABC41}.Release|Any CPU.Build.0 = Release|Any CPU
		{E5592A34-07C4-4AED-822A-FA506B0CC86B}.Debug|Any CPU.ActiveCfg = Debug|Any CPU
		{E5592A34-07C4-4AED-822A-FA506B0CC86B}.Debug|Any CPU.Build.0 = Debug|Any CPU
		{E5592A34-07C4-4AED-822A-FA506B0CC86B}.Release|Any CPU.ActiveCfg = Release|Any CPU
		{E5592A34-07C4-4AED-822A-FA506B0CC86B}.Release|Any CPU.Build.0 = Release|Any CPU
		{A238F1EA-A727-4402-8233-851B7C934FA7}.Debug|Any CPU.ActiveCfg = Debug|Any CPU
		{A238F1EA-A727-4402-8233-851B7C934FA7}.Debug|Any CPU.Build.0 = Debug|Any CPU
		{A238F1EA-A727-4402-8233-851B7C934FA7}.Release|Any CPU.ActiveCfg = Release|Any CPU
		{A238F1EA-A727-4402-8233-851B7C934FA7}.Release|Any CPU.Build.0 = Release|Any CPU
		{B309E3D5-2571-49FE-9832-3CB0D77D0461}.Debug|Any CPU.ActiveCfg = Debug|Any CPU
		{B309E3D5-2571-49FE-9832-3CB0D77D0461}.Debug|Any CPU.Build.0 = Debug|Any CPU
		{B309E3D5-2571-49FE-9832-3CB0D77D0461}.Release|Any CPU.ActiveCfg = Release|Any CPU
		{B309E3D5-2571-49FE-9832-3CB0D77D0461}.Release|Any CPU.Build.0 = Release|Any CPU
	EndGlobalSection
	GlobalSection(SolutionProperties) = preSolution
		HideSolutionNode = FALSE
	EndGlobalSection
	GlobalSection(NestedProjects) = preSolution
		{8119FBB8-FB6C-47BF-85F1-E85DD8B0E1A4} = {87234A63-5A14-4A30-841D-5CA2A62764CD}
		{42C3E3F4-6B2E-4A33-87C3-7154052ABC41} = {87234A63-5A14-4A30-841D-5CA2A62764CD}
		{E5592A34-07C4-4AED-822A-FA506B0CC86B} = {87234A63-5A14-4A30-841D-5CA2A62764CD}
		{A238F1EA-A727-4402-8233-851B7C934FA7} = {19AA89F3-534B-400F-BA9A-2A5513A8BB5A}
		{B309E3D5-2571-49FE-9832-3CB0D77D0461} = {87234A63-5A14-4A30-841D-5CA2A62764CD}
	EndGlobalSection
	GlobalSection(ExtensibilityGlobals) = postSolution
		SolutionGuid = {4695D770-4F7C-4886-96B2-C657C56857C1}
	EndGlobalSection
EndGlobal
